// !$*UTF8*$!
{
	archiveVersion = 1;
	classes = {
	};
	objectVersion = 50;
	objects = {

/* Begin PBXBuildFile section */
		DB4476E1217D53C3006DFEAC /* AppDelegate.swift in Sources */ = {isa = PBXBuildFile; fileRef = DB4476E0217D53C3006DFEAC /* AppDelegate.swift */; };
		DB4476E3217D53C3006DFEAC /* ViewController.swift in Sources */ = {isa = PBXBuildFile; fileRef = DB4476E2217D53C3006DFEAC /* ViewController.swift */; };
		DB4476E6217D53C3006DFEAC /* Main.storyboard in Resources */ = {isa = PBXBuildFile; fileRef = DB4476E4217D53C3006DFEAC /* Main.storyboard */; };
		DB4476E8217D53C6006DFEAC /* Assets.xcassets in Resources */ = {isa = PBXBuildFile; fileRef = DB4476E7217D53C6006DFEAC /* Assets.xcassets */; };
		DB4476EB217D53C6006DFEAC /* LaunchScreen.storyboard in Resources */ = {isa = PBXBuildFile; fileRef = DB4476E9217D53C6006DFEAC /* LaunchScreen.storyboard */; };
		DB4476F6217D53C6006DFEAC /* PitchPerfectTests.swift in Sources */ = {isa = PBXBuildFile; fileRef = DB4476F5217D53C6006DFEAC /* PitchPerfectTests.swift */; };
		DB447701217D53C6006DFEAC /* PitchPerfectUITests.swift in Sources */ = {isa = PBXBuildFile; fileRef = DB447700217D53C6006DFEAC /* PitchPerfectUITests.swift */; };
/* End PBXBuildFile section */

/* Begin PBXContainerItemProxy section */
		DB4476F2217D53C6006DFEAC /* PBXContainerItemProxy */ = {
			isa = PBXContainerItemProxy;
			containerPortal = DB4476D5217D53C3006DFEAC /* Project object */;
			proxyType = 1;
			remoteGlobalIDString = DB4476DC217D53C3006DFEAC;
			remoteInfo = PitchPerfect;
		};
		DB4476FD217D53C6006DFEAC /* PBXContainerItemProxy */ = {
			isa = PBXContainerItemProxy;
			containerPortal = DB4476D5217D53C3006DFEAC /* Project object */;
			proxyType = 1;
			remoteGlobalIDString = DB4476DC217D53C3006DFEAC;
			remoteInfo = PitchPerfect;
		};
/* End PBXContainerItemProxy section */

/* Begin PBXFileReference section */
		DB4476DD217D53C3006DFEAC /* PitchPerfect.app */ = {isa = PBXFileReference; explicitFileType = wrapper.application; includeInIndex = 0; path = PitchPerfect.app; sourceTree = BUILT_PRODUCTS_DIR; };
		DB4476E0217D53C3006DFEAC /* AppDelegate.swift */ = {isa = PBXFileReference; lastKnownFileType = sourcecode.swift; path = AppDelegate.swift; sourceTree = "<group>"; };
		DB4476E2217D53C3006DFEAC /* ViewController.swift */ = {isa = PBXFileReference; lastKnownFileType = sourcecode.swift; path = ViewController.swift; sourceTree = "<group>"; };
		DB4476E5217D53C3006DFEAC /* Base */ = {isa = PBXFileReference; lastKnownFileType = file.storyboard; name = Base; path = Base.lproj/Main.storyboard; sourceTree = "<group>"; };
		DB4476E7217D53C6006DFEAC /* Assets.xcassets */ = {isa = PBXFileReference; lastKnownFileType = folder.assetcatalog; path = Assets.xcassets; sourceTree = "<group>"; };
		DB4476EA217D53C6006DFEAC /* Base */ = {isa = PBXFileReference; lastKnownFileType = file.storyboard; name = Base; path = Base.lproj/LaunchScreen.storyboard; sourceTree = "<group>"; };
		DB4476EC217D53C6006DFEAC /* Info.plist */ = {isa = PBXFileReference; lastKnownFileType = text.plist.xml; path = Info.plist; sourceTree = "<group>"; };
		DB4476F1217D53C6006DFEAC /* PitchPerfectTests.xctest */ = {isa = PBXFileReference; explicitFileType = wrapper.cfbundle; includeInIndex = 0; path = PitchPerfectTests.xctest; sourceTree = BUILT_PRODUCTS_DIR; };
		DB4476F5217D53C6006DFEAC /* PitchPerfectTests.swift */ = {isa = PBXFileReference; lastKnownFileType = sourcecode.swift; path = PitchPerfectTests.swift; sourceTree = "<group>"; };
		DB4476F7217D53C6006DFEAC /* Info.plist */ = {isa = PBXFileReference; lastKnownFileType = text.plist.xml; path = Info.plist; sourceTree = "<group>"; };
		DB4476FC217D53C6006DFEAC /* PitchPerfectUITests.xctest */ = {isa = PBXFileReference; explicitFileType = wrapper.cfbundle; includeInIndex = 0; path = PitchPerfectUITests.xctest; sourceTree = BUILT_PRODUCTS_DIR; };
		DB447700217D53C6006DFEAC /* PitchPerfectUITests.swift */ = {isa = PBXFileReference; lastKnownFileType = sourcecode.swift; path = PitchPerfectUITests.swift; sourceTree = "<group>"; };
		DB447702217D53C6006DFEAC /* Info.plist */ = {isa = PBXFileReference; lastKnownFileType = text.plist.xml; path = Info.plist; sourceTree = "<group>"; };
/* End PBXFileReference section */

/* Begin PBXFrameworksBuildPhase section */
		DB4476DA217D53C3006DFEAC /* Frameworks */ = {
			isa = PBXFrameworksBuildPhase;
			buildActionMask = 2147483647;
			files = (
			);
			runOnlyForDeploymentPostprocessing = 0;
		};
		DB4476EE217D53C6006DFEAC /* Frameworks */ = {
			isa = PBXFrameworksBuildPhase;
			buildActionMask = 2147483647;
			files = (
			);
			runOnlyForDeploymentPostprocessing = 0;
		};
		DB4476F9217D53C6006DFEAC /* Frameworks */ = {
			isa = PBXFrameworksBuildPhase;
			buildActionMask = 2147483647;
			files = (
			);
			runOnlyForDeploymentPostprocessing = 0;
		};
/* End PBXFrameworksBuildPhase section */

/* Begin PBXGroup section */
		DB4476D4217D53C3006DFEAC = {
			isa = PBXGroup;
			children = (
				DB4476DF217D53C3006DFEAC /* PitchPerfect */,
				DB4476F4217D53C6006DFEAC /* PitchPerfectTests */,
				DB4476FF217D53C6006DFEAC /* PitchPerfectUITests */,
				DB4476DE217D53C3006DFEAC /* Products */,
			);
			sourceTree = "<group>";
		};
		DB4476DE217D53C3006DFEAC /* Products */ = {
			isa = PBXGroup;
			children = (
				DB4476DD217D53C3006DFEAC /* PitchPerfect.app */,
				DB4476F1217D53C6006DFEAC /* PitchPerfectTests.xctest */,
				DB4476FC217D53C6006DFEAC /* PitchPerfectUITests.xctest */,
			);
			name = Products;
			sourceTree = "<group>";
		};
		DB4476DF217D53C3006DFEAC /* PitchPerfect */ = {
			isa = PBXGroup;
			children = (
				DB4476E0217D53C3006DFEAC /* AppDelegate.swift */,
				DB4476E2217D53C3006DFEAC /* ViewController.swift */,
				DB4476E4217D53C3006DFEAC /* Main.storyboard */,
				DB4476E7217D53C6006DFEAC /* Assets.xcassets */,
				DB4476E9217D53C6006DFEAC /* LaunchScreen.storyboard */,
				DB4476EC217D53C6006DFEAC /* Info.plist */,
			);
			path = PitchPerfect;
			sourceTree = "<group>";
		};
		DB4476F4217D53C6006DFEAC /* PitchPerfectTests */ = {
			isa = PBXGroup;
			children = (
				DB4476F5217D53C6006DFEAC /* PitchPerfectTests.swift */,
				DB4476F7217D53C6006DFEAC /* Info.plist */,
			);
			path = PitchPerfectTests;
			sourceTree = "<group>";
		};
		DB4476FF217D53C6006DFEAC /* PitchPerfectUITests */ = {
			isa = PBXGroup;
			children = (
				DB447700217D53C6006DFEAC /* PitchPerfectUITests.swift */,
				DB447702217D53C6006DFEAC /* Info.plist */,
			);
			path = PitchPerfectUITests;
			sourceTree = "<group>";
		};
/* End PBXGroup section */

/* Begin PBXNativeTarget section */
		DB4476DC217D53C3006DFEAC /* PitchPerfect */ = {
			isa = PBXNativeTarget;
			buildConfigurationList = DB447705217D53C6006DFEAC /* Build configuration list for PBXNativeTarget "PitchPerfect" */;
			buildPhases = (
				DB4476D9217D53C3006DFEAC /* Sources */,
				DB4476DA217D53C3006DFEAC /* Frameworks */,
				DB4476DB217D53C3006DFEAC /* Resources */,
			);
			buildRules = (
			);
			dependencies = (
			);
			name = PitchPerfect;
			productName = PitchPerfect;
			productReference = DB4476DD217D53C3006DFEAC /* PitchPerfect.app */;
			productType = "com.apple.product-type.application";
		};
		DB4476F0217D53C6006DFEAC /* PitchPerfectTests */ = {
			isa = PBXNativeTarget;
			buildConfigurationList = DB447708217D53C6006DFEAC /* Build configuration list for PBXNativeTarget "PitchPerfectTests" */;
			buildPhases = (
				DB4476ED217D53C6006DFEAC /* Sources */,
				DB4476EE217D53C6006DFEAC /* Frameworks */,
				DB4476EF217D53C6006DFEAC /* Resources */,
			);
			buildRules = (
			);
			dependencies = (
				DB4476F3217D53C6006DFEAC /* PBXTargetDependency */,
			);
			name = PitchPerfectTests;
			productName = PitchPerfectTests;
			productReference = DB4476F1217D53C6006DFEAC /* PitchPerfectTests.xctest */;
			productType = "com.apple.product-type.bundle.unit-test";
		};
		DB4476FB217D53C6006DFEAC /* PitchPerfectUITests */ = {
			isa = PBXNativeTarget;
			buildConfigurationList = DB44770B217D53C6006DFEAC /* Build configuration list for PBXNativeTarget "PitchPerfectUITests" */;
			buildPhases = (
				DB4476F8217D53C6006DFEAC /* Sources */,
				DB4476F9217D53C6006DFEAC /* Frameworks */,
				DB4476FA217D53C6006DFEAC /* Resources */,
			);
			buildRules = (
			);
			dependencies = (
				DB4476FE217D53C6006DFEAC /* PBXTargetDependency */,
			);
			name = PitchPerfectUITests;
			productName = PitchPerfectUITests;
			productReference = DB4476FC217D53C6006DFEAC /* PitchPerfectUITests.xctest */;
			productType = "com.apple.product-type.bundle.ui-testing";
		};
/* End PBXNativeTarget section */

/* Begin PBXProject section */
		DB4476D5217D53C3006DFEAC /* Project object */ = {
			isa = PBXProject;
			attributes = {
				LastSwiftUpdateCheck = 1000;
				LastUpgradeCheck = 1000;
				ORGANIZATIONNAME = "Ramon Gonçalves de Jesus";
				TargetAttributes = {
					DB4476DC217D53C3006DFEAC = {
						CreatedOnToolsVersion = 10.0;
					};
					DB4476F0217D53C6006DFEAC = {
						CreatedOnToolsVersion = 10.0;
						TestTargetID = DB4476DC217D53C3006DFEAC;
					};
					DB4476FB217D53C6006DFEAC = {
						CreatedOnToolsVersion = 10.0;
						TestTargetID = DB4476DC217D53C3006DFEAC;
					};
				};
			};
			buildConfigurationList = DB4476D8217D53C3006DFEAC /* Build configuration list for PBXProject "PitchPerfect" */;
			compatibilityVersion = "Xcode 9.3";
			developmentRegion = en;
			hasScannedForEncodings = 0;
			knownRegions = (
				en,
				Base,
			);
			mainGroup = DB4476D4217D53C3006DFEAC;
			productRefGroup = DB4476DE217D53C3006DFEAC /* Products */;
			projectDirPath = "";
			projectRoot = "";
			targets = (
				DB4476DC217D53C3006DFEAC /* PitchPerfect */,
				DB4476F0217D53C6006DFEAC /* PitchPerfectTests */,
				DB4476FB217D53C6006DFEAC /* PitchPerfectUITests */,
			);
		};
/* End PBXProject section */

/* Begin PBXResourcesBuildPhase section */
		DB4476DB217D53C3006DFEAC /* Resources */ = {
			isa = PBXResourcesBuildPhase;
			buildActionMask = 2147483647;
			files = (
				DB4476EB217D53C6006DFEAC /* LaunchScreen.storyboard in Resources */,
				DB4476E8217D53C6006DFEAC /* Assets.xcassets in Resources */,
				DB4476E6217D53C3006DFEAC /* Main.storyboard in Resources */,
			);
			runOnlyForDeploymentPostprocessing = 0;
		};
		DB4476EF217D53C6006DFEAC /* Resources */ = {
			isa = PBXResourcesBuildPhase;
			buildActionMask = 2147483647;
			files = (
			);
			runOnlyForDeploymentPostprocessing = 0;
		};
		DB4476FA217D53C6006DFEAC /* Resources */ = {
			isa = PBXResourcesBuildPhase;
			buildActionMask = 2147483647;
			files = (
			);
			runOnlyForDeploymentPostprocessing = 0;
		};
/* End PBXResourcesBuildPhase section */

/* Begin PBXSourcesBuildPhase section */
		DB4476D9217D53C3006DFEAC /* Sources */ = {
			isa = PBXSourcesBuildPhase;
			buildActionMask = 2147483647;
			files = (
				DB4476E3217D53C3006DFEAC /* ViewController.swift in Sources */,
				DB4476E1217D53C3006DFEAC /* AppDelegate.swift in Sources */,
			);
			runOnlyForDeploymentPostprocessing = 0;
		};
		DB4476ED217D53C6006DFEAC /* Sources */ = {
			isa = PBXSourcesBuildPhase;
			buildActionMask = 2147483647;
			files = (
				DB4476F6217D53C6006DFEAC /* PitchPerfectTests.swift in Sources */,
			);
			runOnlyForDeploymentPostprocessing = 0;
		};
		DB4476F8217D53C6006DFEAC /* Sources */ = {
			isa = PBXSourcesBuildPhase;
			buildActionMask = 2147483647;
			files = (
				DB447701217D53C6006DFEAC /* PitchPerfectUITests.swift in Sources */,
			);
			runOnlyForDeploymentPostprocessing = 0;
		};
/* End PBXSourcesBuildPhase section */

/* Begin PBXTargetDependency section */
		DB4476F3217D53C6006DFEAC /* PBXTargetDependency */ = {
			isa = PBXTargetDependency;
			target = DB4476DC217D53C3006DFEAC /* PitchPerfect */;
			targetProxy = DB4476F2217D53C6006DFEAC /* PBXContainerItemProxy */;
		};
		DB4476FE217D53C6006DFEAC /* PBXTargetDependency */ = {
			isa = PBXTargetDependency;
			target = DB4476DC217D53C3006DFEAC /* PitchPerfect */;
			targetProxy = DB4476FD217D53C6006DFEAC /* PBXContainerItemProxy */;
		};
/* End PBXTargetDependency section */

/* Begin PBXVariantGroup section */
		DB4476E4217D53C3006DFEAC /* Main.storyboard */ = {
			isa = PBXVariantGroup;
			children = (
				DB4476E5217D53C3006DFEAC /* Base */,
			);
			name = Main.storyboard;
			sourceTree = "<group>";
		};
		DB4476E9217D53C6006DFEAC /* LaunchScreen.storyboard */ = {
			isa = PBXVariantGroup;
			children = (
				DB4476EA217D53C6006DFEAC /* Base */,
			);
			name = LaunchScreen.storyboard;
			sourceTree = "<group>";
		};
/* End PBXVariantGroup section */

/* Begin XCBuildConfiguration section */
		DB447703217D53C6006DFEAC /* Debug */ = {
			isa = XCBuildConfiguration;
			buildSettings = {
				ALWAYS_SEARCH_USER_PATHS = NO;
				CLANG_ANALYZER_NONNULL = YES;
				CLANG_ANALYZER_NUMBER_OBJECT_CONVERSION = YES_AGGRESSIVE;
				CLANG_CXX_LANGUAGE_STANDARD = "gnu++14";
				CLANG_CXX_LIBRARY = "libc++";
				CLANG_ENABLE_MODULES = YES;
				CLANG_ENABLE_OBJC_ARC = YES;
				CLANG_ENABLE_OBJC_WEAK = YES;
				CLANG_WARN_BLOCK_CAPTURE_AUTORELEASING = YES;
				CLANG_WARN_BOOL_CONVERSION = YES;
				CLANG_WARN_COMMA = YES;
				CLANG_WARN_CONSTANT_CONVERSION = YES;
				CLANG_WARN_DEPRECATED_OBJC_IMPLEMENTATIONS = YES;
				CLANG_WARN_DIRECT_OBJC_ISA_USAGE = YES_ERROR;
				CLANG_WARN_DOCUMENTATION_COMMENTS = YES;
				CLANG_WARN_EMPTY_BODY = YES;
				CLANG_WARN_ENUM_CONVERSION = YES;
				CLANG_WARN_INFINITE_RECURSION = YES;
				CLANG_WARN_INT_CONVERSION = YES;
				CLANG_WARN_NON_LITERAL_NULL_CONVERSION = YES;
				CLANG_WARN_OBJC_IMPLICIT_RETAIN_SELF = YES;
				CLANG_WARN_OBJC_LITERAL_CONVERSION = YES;
				CLANG_WARN_OBJC_ROOT_CLASS = YES_ERROR;
				CLANG_WARN_RANGE_LOOP_ANALYSIS = YES;
				CLANG_WARN_STRICT_PROTOTYPES = YES;
				CLANG_WARN_SUSPICIOUS_MOVE = YES;
				CLANG_WARN_UNGUARDED_AVAILABILITY = YES_AGGRESSIVE;
				CLANG_WARN_UNREACHABLE_CODE = YES;
				CLANG_WARN__DUPLICATE_METHOD_MATCH = YES;
				CODE_SIGN_IDENTITY = "iPhone Developer";
				COPY_PHASE_STRIP = NO;
				DEBUG_INFORMATION_FORMAT = dwarf;
				ENABLE_STRICT_OBJC_MSGSEND = YES;
				ENABLE_TESTABILITY = YES;
				GCC_C_LANGUAGE_STANDARD = gnu11;
				GCC_DYNAMIC_NO_PIC = NO;
				GCC_NO_COMMON_BLOCKS = YES;
				GCC_OPTIMIZATION_LEVEL = 0;
				GCC_PREPROCESSOR_DEFINITIONS = (
					"DEBUG=1",
					"$(inherited)",
				);
				GCC_WARN_64_TO_32_BIT_CONVERSION = YES;
				GCC_WARN_ABOUT_RETURN_TYPE = YES_ERROR;
				GCC_WARN_UNDECLARED_SELECTOR = YES;
				GCC_WARN_UNINITIALIZED_AUTOS = YES_AGGRESSIVE;
				GCC_WARN_UNUSED_FUNCTION = YES;
				GCC_WARN_UNUSED_VARIABLE = YES;
				IPHONEOS_DEPLOYMENT_TARGET = 12.0;
				MTL_ENABLE_DEBUG_INFO = INCLUDE_SOURCE;
				MTL_FAST_MATH = YES;
				ONLY_ACTIVE_ARCH = YES;
				SDKROOT = iphoneos;
				SWIFT_ACTIVE_COMPILATION_CONDITIONS = DEBUG;
				SWIFT_OPTIMIZATION_LEVEL = "-Onone";
			};
			name = Debug;
		};
		DB447704217D53C6006DFEAC /* Release */ = {
			isa = XCBuildConfiguration;
			buildSettings = {
				ALWAYS_SEARCH_USER_PATHS = NO;
				CLANG_ANALYZER_NONNULL = YES;
				CLANG_ANALYZER_NUMBER_OBJECT_CONVERSION = YES_AGGRESSIVE;
				CLANG_CXX_LANGUAGE_STANDARD = "gnu++14";
				CLANG_CXX_LIBRARY = "libc++";
				CLANG_ENABLE_MODULES = YES;
				CLANG_ENABLE_OBJC_ARC = YES;
				CLANG_ENABLE_OBJC_WEAK = YES;
				CLANG_WARN_BLOCK_CAPTURE_AUTORELEASING = YES;
				CLANG_WARN_BOOL_CONVERSION = YES;
				CLANG_WARN_COMMA = YES;
				CLANG_WARN_CONSTANT_CONVERSION = YES;
				CLANG_WARN_DEPRECATED_OBJC_IMPLEMENTATIONS = YES;
				CLANG_WARN_DIRECT_OBJC_ISA_USAGE = YES_ERROR;
				CLANG_WARN_DOCUMENTATION_COMMENTS = YES;
				CLANG_WARN_EMPTY_BODY = YES;
				CLANG_WARN_ENUM_CONVERSION = YES;
				CLANG_WARN_INFINITE_RECURSION = YES;
				CLANG_WARN_INT_CONVERSION = YES;
				CLANG_WARN_NON_LITERAL_NULL_CONVERSION = YES;
				CLANG_WARN_OBJC_IMPLICIT_RETAIN_SELF = YES;
				CLANG_WARN_OBJC_LITERAL_CONVERSION = YES;
				CLANG_WARN_OBJC_ROOT_CLASS = YES_ERROR;
				CLANG_WARN_RANGE_LOOP_ANALYSIS = YES;
				CLANG_WARN_STRICT_PROTOTYPES = YES;
				CLANG_WARN_SUSPICIOUS_MOVE = YES;
				CLANG_WARN_UNGUARDED_AVAILABILITY = YES_AGGRESSIVE;
				CLANG_WARN_UNREACHABLE_CODE = YES;
				CLANG_WARN__DUPLICATE_METHOD_MATCH = YES;
				CODE_SIGN_IDENTITY = "iPhone Developer";
				COPY_PHASE_STRIP = NO;
				DEBUG_INFORMATION_FORMAT = "dwarf-with-dsym";
				ENABLE_NS_ASSERTIONS = NO;
				ENABLE_STRICT_OBJC_MSGSEND = YES;
				GCC_C_LANGUAGE_STANDARD = gnu11;
				GCC_NO_COMMON_BLOCKS = YES;
				GCC_WARN_64_TO_32_BIT_CONVERSION = YES;
				GCC_WARN_ABOUT_RETURN_TYPE = YES_ERROR;
				GCC_WARN_UNDECLARED_SELECTOR = YES;
				GCC_WARN_UNINITIALIZED_AUTOS = YES_AGGRESSIVE;
				GCC_WARN_UNUSED_FUNCTION = YES;
				GCC_WARN_UNUSED_VARIABLE = YES;
				IPHONEOS_DEPLOYMENT_TARGET = 12.0;
				MTL_ENABLE_DEBUG_INFO = NO;
				MTL_FAST_MATH = YES;
				SDKROOT = iphoneos;
				SWIFT_COMPILATION_MODE = wholemodule;
				SWIFT_OPTIMIZATION_LEVEL = "-O";
				VALIDATE_PRODUCT = YES;
			};
			name = Release;
		};
		DB447706217D53C6006DFEAC /* Debug */ = {
			isa = XCBuildConfiguration;
			buildSettings = {
				ASSETCATALOG_COMPILER_APPICON_NAME = AppIcon;
				CODE_SIGN_STYLE = Automatic;
				INFOPLIST_FILE = PitchPerfect/Info.plist;
				LD_RUNPATH_SEARCH_PATHS = (
					"$(inherited)",
					"@executable_path/Frameworks",
				);
				PRODUCT_BUNDLE_IDENTIFIER = com.rjesus.PitchPerfect;
				PRODUCT_NAME = "$(TARGET_NAME)";
				SWIFT_VERSION = 4.2;
				TARGETED_DEVICE_FAMILY = "1,2";
			};
			name = Debug;
		};
		DB447707217D53C6006DFEAC /* Release */ = {
			isa = XCBuildConfiguration;
			buildSettings = {
				ASSETCATALOG_COMPILER_APPICON_NAME = AppIcon;
				CODE_SIGN_STYLE = Automatic;
				INFOPLIST_FILE = PitchPerfect/Info.plist;
				LD_RUNPATH_SEARCH_PATHS = (
					"$(inherited)",
					"@executable_path/Frameworks",
				);
				PRODUCT_BUNDLE_IDENTIFIER = com.rjesus.PitchPerfect;
				PRODUCT_NAME = "$(TARGET_NAME)";
				SWIFT_VERSION = 4.2;
				TARGETED_DEVICE_FAMILY = "1,2";
			};
			name = Release;
		};
		DB447709217D53C6006DFEAC /* Debug */ = {
			isa = XCBuildConfiguration;
			buildSettings = {
				ALWAYS_EMBED_SWIFT_STANDARD_LIBRARIES = YES;
				BUNDLE_LOADER = "$(TEST_HOST)";
				CODE_SIGN_STYLE = Automatic;
				INFOPLIST_FILE = PitchPerfectTests/Info.plist;
				LD_RUNPATH_SEARCH_PATHS = (
					"$(inherited)",
					"@executable_path/Frameworks",
					"@loader_path/Frameworks",
				);
				PRODUCT_BUNDLE_IDENTIFIER = com.rjesus.PitchPerfectTests;
				PRODUCT_NAME = "$(TARGET_NAME)";
				SWIFT_VERSION = 4.2;
				TARGETED_DEVICE_FAMILY = "1,2";
				TEST_HOST = "$(BUILT_PRODUCTS_DIR)/PitchPerfect.app/PitchPerfect";
			};
			name = Debug;
		};
		DB44770A217D53C6006DFEAC /* Release */ = {
			isa = XCBuildConfiguration;
			buildSettings = {
				ALWAYS_EMBED_SWIFT_STANDARD_LIBRARIES = YES;
				BUNDLE_LOADER = "$(TEST_HOST)";
				CODE_SIGN_STYLE = Automatic;
				INFOPLIST_FILE = PitchPerfectTests/Info.plist;
				LD_RUNPATH_SEARCH_PATHS = (
					"$(inherited)",
					"@executable_path/Frameworks",
					"@loader_path/Frameworks",
				);
				PRODUCT_BUNDLE_IDENTIFIER = com.rjesus.PitchPerfectTests;
				PRODUCT_NAME = "$(TARGET_NAME)";
				SWIFT_VERSION = 4.2;
				TARGETED_DEVICE_FAMILY = "1,2";
				TEST_HOST = "$(BUILT_PRODUCTS_DIR)/PitchPerfect.app/PitchPerfect";
			};
			name = Release;
		};
		DB44770C217D53C6006DFEAC /* Debug */ = {
			isa = XCBuildConfiguration;
			buildSettings = {
				ALWAYS_EMBED_SWIFT_STANDARD_LIBRARIES = YES;
				CODE_SIGN_STYLE = Automatic;
				INFOPLIST_FILE = PitchPerfectUITests/Info.plist;
				LD_RUNPATH_SEARCH_PATHS = (
					"$(inherited)",
					"@executable_path/Frameworks",
					"@loader_path/Frameworks",
				);
				PRODUCT_BUNDLE_IDENTIFIER = com.rjesus.PitchPerfectUITests;
				PRODUCT_NAME = "$(TARGET_NAME)";
				SWIFT_VERSION = 4.2;
				TARGETED_DEVICE_FAMILY = "1,2";
				TEST_TARGET_NAME = PitchPerfect;
			};
			name = Debug;
		};
		DB44770D217D53C6006DFEAC /* Release */ = {
			isa = XCBuildConfiguration;
			buildSettings = {
				ALWAYS_EMBED_SWIFT_STANDARD_LIBRARIES = YES;
				CODE_SIGN_STYLE = Automatic;
				INFOPLIST_FILE = PitchPerfectUITests/Info.plist;
				LD_RUNPATH_SEARCH_PATHS = (
					"$(inherited)",
					"@executable_path/Frameworks",
					"@loader_path/Frameworks",
				);
				PRODUCT_BUNDLE_IDENTIFIER = com.rjesus.PitchPerfectUITests;
				PRODUCT_NAME = "$(TARGET_NAME)";
				SWIFT_VERSION = 4.2;
				TARGETED_DEVICE_FAMILY = "1,2";
				TEST_TARGET_NAME = PitchPerfect;
			};
			name = Release;
		};
/* End XCBuildConfiguration section */

/* Begin XCConfigurationList section */
		DB4476D8217D53C3006DFEAC /* Build configuration list for PBXProject "PitchPerfect" */ = {
			isa = XCConfigurationList;
			buildConfigurations = (
				DB447703217D53C6006DFEAC /* Debug */,
				DB447704217D53C6006DFEAC /* Release */,
			);
			defaultConfigurationIsVisible = 0;
			defaultConfigurationName = Release;
		};
		DB447705217D53C6006DFEAC /* Build configuration list for PBXNativeTarget "PitchPerfect" */ = {
			isa = XCConfigurationList;
			buildConfigurations = (
				DB447706217D53C6006DFEAC /* Debug */,
				DB447707217D53C6006DFEAC /* Release */,
			);
			defaultConfigurationIsVisible = 0;
			defaultConfigurationName = Release;
		};
		DB447708217D53C6006DFEAC /* Build configuration list for PBXNativeTarget "PitchPerfectTests" */ = {
			isa = XCConfigurationList;
			buildConfigurations = (
				DB447709217D53C6006DFEAC /* Debug */,
				DB44770A217D53C6006DFEAC /* Release */,
			);
			defaultConfigurationIsVisible = 0;
			defaultConfigurationName = Release;
		};
		DB44770B217D53C6006DFEAC /* Build configuration list for PBXNativeTarget "PitchPerfectUITests" */ = {
			isa = XCConfigurationList;
			buildConfigurations = (
				DB44770C217D53C6006DFEAC /* Debug */,
				DB44770D217D53C6006DFEAC /* Release */,
			);
			defaultConfigurationIsVisible = 0;
			defaultConfigurationName = Release;
		};
/* End XCConfigurationList section */
	};
	rootObject = DB4476D5217D53C3006DFEAC /* Project object */;
}
